// !$*UTF8*$!
{
	archiveVersion = 1;
	classes = {
	};
	objectVersion = 46;
	objects = {

/* Begin PBXBuildFile section */
		0207DA581B56EA530066E2B4 /* Images.xcassets in Resources */ = {isa = PBXBuildFile; fileRef = 0207DA571B56EA530066E2B4 /* Images.xcassets */; };
		1D3623260D0F684500981E51 /* AppDelegate.m in Sources */ = {isa = PBXBuildFile; fileRef = 1D3623250D0F684500981E51 /* AppDelegate.m */; };
		1D60589B0D05DD56006BFB54 /* main.m in Sources */ = {isa = PBXBuildFile; fileRef = 29B97316FDCFA39411CA2CEA /* main.m */; };
		301BF552109A68D80062928A /* libCordova.a in Frameworks */ = {isa = PBXBuildFile; fileRef = 301BF535109A57CC0062928A /* libCordova.a */; };
		302D95F114D2391D003F00A1 /* MainViewController.m in Sources */ = {isa = PBXBuildFile; fileRef = 302D95EF14D2391D003F00A1 /* MainViewController.m */; };
		302D95F214D2391D003F00A1 /* MainViewController.xib in Resources */ = {isa = PBXBuildFile; fileRef = 302D95F014D2391D003F00A1 /* MainViewController.xib */; };
		5E31DCAE1E5AA37500CA2CE8 /* CDVChatCenter.m in Sources */ = {isa = PBXBuildFile; fileRef = 5E31DCAD1E5AA37500CA2CE8 /* CDVChatCenter.m */; };
		5E31DCB61E5AA9D500CA2CE8 /* UIKit.framework in Frameworks */ = {isa = PBXBuildFile; fileRef = 5E31DCB51E5AA9D500CA2CE8 /* UIKit.framework */; };
		5E31DCB81E5AA9DB00CA2CE8 /* CoreGraphics.framework in Frameworks */ = {isa = PBXBuildFile; fileRef = 5E31DCB71E5AA9DB00CA2CE8 /* CoreGraphics.framework */; };
		5E31DCBA1E5AA9E600CA2CE8 /* QuartzCore.framework in Frameworks */ = {isa = PBXBuildFile; fileRef = 5E31DCB91E5AA9E600CA2CE8 /* QuartzCore.framework */; };
		5E31DCBC1E5AA9EB00CA2CE8 /* CFNetwork.framework in Frameworks */ = {isa = PBXBuildFile; fileRef = 5E31DCBB1E5AA9EB00CA2CE8 /* CFNetwork.framework */; };
		5E31DCBE1E5AA9F000CA2CE8 /* Security.framework in Frameworks */ = {isa = PBXBuildFile; fileRef = 5E31DCBD1E5AA9F000CA2CE8 /* Security.framework */; };
		5E31DCC01E5AA9F700CA2CE8 /* Foundation.framework in Frameworks */ = {isa = PBXBuildFile; fileRef = 5E31DCBF1E5AA9F700CA2CE8 /* Foundation.framework */; };
		5E31DCC21E5AA9FC00CA2CE8 /* CoreData.framework in Frameworks */ = {isa = PBXBuildFile; fileRef = 5E31DCC11E5AA9FC00CA2CE8 /* CoreData.framework */; };
		5E31DCC41E5AAA0200CA2CE8 /* SystemConfiguration.framework in Frameworks */ = {isa = PBXBuildFile; fileRef = 5E31DCC31E5AAA0200CA2CE8 /* SystemConfiguration.framework */; };
		5E31DCC61E5AAA0A00CA2CE8 /* MobileCoreServices.framework in Frameworks */ = {isa = PBXBuildFile; fileRef = 5E31DCC51E5AAA0A00CA2CE8 /* MobileCoreServices.framework */; };
		5E31DCC91E5AAA2600CA2CE8 /* libicucore.A.tbd in Frameworks */ = {isa = PBXBuildFile; fileRef = 5E31DCC71E5AAA2600CA2CE8 /* libicucore.A.tbd */; };
		5E31DCCA1E5AAA2600CA2CE8 /* libicucore.tbd in Frameworks */ = {isa = PBXBuildFile; fileRef = 5E31DCC81E5AAA2600CA2CE8 /* libicucore.tbd */; };
		5E31DCCC1E5AAA2F00CA2CE8 /* MapKit.framework in Frameworks */ = {isa = PBXBuildFile; fileRef = 5E31DCCB1E5AAA2F00CA2CE8 /* MapKit.framework */; };
		5E31DCCE1E5AAA3500CA2CE8 /* AssetsLibrary.framework in Frameworks */ = {isa = PBXBuildFile; fileRef = 5E31DCCD1E5AAA3500CA2CE8 /* AssetsLibrary.framework */; };
		5E31DCD01E5AAA3A00CA2CE8 /* SafariServices.framework in Frameworks */ = {isa = PBXBuildFile; fileRef = 5E31DCCF1E5AAA3A00CA2CE8 /* SafariServices.framework */; settings = {ATTRIBUTES = (Weak, ); }; };
		5E3271E71E63D33700A729CB /* Fabric.framework in Frameworks */ = {isa = PBXBuildFile; fileRef = 5E3271E51E63D33700A729CB /* Fabric.framework */; };
		5E3271E81E63D33700A729CB /* Crashlytics.framework in Frameworks */ = {isa = PBXBuildFile; fileRef = 5E3271E61E63D33700A729CB /* Crashlytics.framework */; };
		5EF19DC21E56F50100B2CD2B /* config.xml in Resources */ = {isa = PBXBuildFile; fileRef = F840E1F0165FE0F500CFE078 /* config.xml */; };
		5EF19DC31E56F50400B2CD2B /* www in Resources */ = {isa = PBXBuildFile; fileRef = 301BF56E109A69640062928A /* www */; };
		62D799299C624584BD05E57F /* AudioToolbox.framework in Frameworks */ = {isa = PBXBuildFile; fileRef = CFE5DAF2C8374F3ABD89DAE7 /* AudioToolbox.framework */; settings = {ATTRIBUTES = (Weak, ); }; };
		65F92A1BF6EFA91601936177 /* libPods-Example.a in Frameworks */ = {isa = PBXBuildFile; fileRef = 996D72A0A43BBE592B3C49BA /* libPods-Example.a */; };
		682D479161BB43CD9FF09266 /* CDVNotification.m in Sources */ = {isa = PBXBuildFile; fileRef = 4DFE6F44889548828EB12836 /* CDVNotification.m */; };
		6AFF5BF91D6E424B00AB3073 /* CDVLaunchScreen.storyboard in Resources */ = {isa = PBXBuildFile; fileRef = 6AFF5BF81D6E424B00AB3073 /* CDVLaunchScreen.storyboard */; };
		7E8FEF2FF01A44CC8DCDA431 /* CDVNotification.bundle in Resources */ = {isa = PBXBuildFile; fileRef = 246779EB00B6446E9616C001 /* CDVNotification.bundle */; };
/* End PBXBuildFile section */

/* Begin PBXContainerItemProxy section */
		301BF534109A57CC0062928A /* PBXContainerItemProxy */ = {
			isa = PBXContainerItemProxy;
			containerPortal = 301BF52D109A57CC0062928A /* CordovaLib.xcodeproj */;
			proxyType = 2;
			remoteGlobalIDString = D2AAC07E0554694100DB518D;
			remoteInfo = CordovaLib;
		};
		5E30DAEA1E6314E800B15C1F /* PBXContainerItemProxy */ = {
			isa = PBXContainerItemProxy;
			containerPortal = 301BF52D109A57CC0062928A /* CordovaLib.xcodeproj */;
			proxyType = 1;
			remoteGlobalIDString = D2AAC07D0554694100DB518D;
			remoteInfo = CordovaLib;
		};
/* End PBXContainerItemProxy section */

/* Begin PBXFileReference section */
		0207DA571B56EA530066E2B4 /* Images.xcassets */ = {isa = PBXFileReference; lastKnownFileType = folder.assetcatalog; name = Images.xcassets; path = Example/Images.xcassets; sourceTree = SOURCE_ROOT; };
		0C6D117E969648F5BB354AEA /* CDVNotification.h */ = {isa = PBXFileReference; explicitFileType = undefined; fileEncoding = 4; includeInIndex = 0; lastKnownFileType = sourcecode.c.h; name = CDVNotification.h; path = "cordova-plugin-dialogs/CDVNotification.h"; sourceTree = "<group>"; };
		1D3623240D0F684500981E51 /* AppDelegate.h */ = {isa = PBXFileReference; fileEncoding = 4; lastKnownFileType = sourcecode.c.h; path = AppDelegate.h; sourceTree = "<group>"; };
		1D3623250D0F684500981E51 /* AppDelegate.m */ = {isa = PBXFileReference; fileEncoding = 4; lastKnownFileType = sourcecode.c.objc; path = AppDelegate.m; sourceTree = "<group>"; };
		1D6058910D05DD3D006BFB54 /* Example.app */ = {isa = PBXFileReference; explicitFileType = wrapper.application; includeInIndex = 0; path = Example.app; sourceTree = BUILT_PRODUCTS_DIR; };
		246779EB00B6446E9616C001 /* CDVNotification.bundle */ = {isa = PBXFileReference; explicitFileType = undefined; fileEncoding = 9; includeInIndex = 0; lastKnownFileType = "wrapper.plug-in"; path = CDVNotification.bundle; sourceTree = "<group>"; };
		29B97316FDCFA39411CA2CEA /* main.m */ = {isa = PBXFileReference; fileEncoding = 4; lastKnownFileType = sourcecode.c.objc; path = main.m; sourceTree = "<group>"; };
		301BF52D109A57CC0062928A /* CordovaLib.xcodeproj */ = {isa = PBXFileReference; lastKnownFileType = "wrapper.pb-project"; name = CordovaLib.xcodeproj; path = CordovaLib/CordovaLib.xcodeproj; sourceTree = "<group>"; };
		301BF56E109A69640062928A /* www */ = {isa = PBXFileReference; lastKnownFileType = folder; path = www; sourceTree = SOURCE_ROOT; };
		302D95EE14D2391D003F00A1 /* MainViewController.h */ = {isa = PBXFileReference; fileEncoding = 4; lastKnownFileType = sourcecode.c.h; path = MainViewController.h; sourceTree = "<group>"; };
		302D95EF14D2391D003F00A1 /* MainViewController.m */ = {isa = PBXFileReference; fileEncoding = 4; lastKnownFileType = sourcecode.c.objc; path = MainViewController.m; sourceTree = "<group>"; };
		302D95F014D2391D003F00A1 /* MainViewController.xib */ = {isa = PBXFileReference; fileEncoding = 4; lastKnownFileType = file.xib; path = MainViewController.xib; sourceTree = "<group>"; };
		3047A50F1AB8059700498E2A /* build-debug.xcconfig */ = {isa = PBXFileReference; fileEncoding = 4; lastKnownFileType = text.xcconfig; name = "build-debug.xcconfig"; path = "cordova/build-debug.xcconfig"; sourceTree = SOURCE_ROOT; };
		3047A5101AB8059700498E2A /* build-release.xcconfig */ = {isa = PBXFileReference; fileEncoding = 4; lastKnownFileType = text.xcconfig; name = "build-release.xcconfig"; path = "cordova/build-release.xcconfig"; sourceTree = SOURCE_ROOT; };
		3047A5111AB8059700498E2A /* build.xcconfig */ = {isa = PBXFileReference; fileEncoding = 4; lastKnownFileType = text.xcconfig; name = build.xcconfig; path = cordova/build.xcconfig; sourceTree = SOURCE_ROOT; };
		4DFE6F44889548828EB12836 /* CDVNotification.m */ = {isa = PBXFileReference; explicitFileType = undefined; fileEncoding = 4; includeInIndex = 0; lastKnownFileType = sourcecode.c.objc; name = CDVNotification.m; path = "cordova-plugin-dialogs/CDVNotification.m"; sourceTree = "<group>"; };
		5E0BD3271E5BD94100635415 /* ChatCenter.pch */ = {isa = PBXFileReference; lastKnownFileType = sourcecode.c.h; path = ChatCenter.pch; sourceTree = "<group>"; };
		5E31DCAC1E5AA37500CA2CE8 /* CDVChatCenter.h */ = {isa = PBXFileReference; fileEncoding = 4; lastKnownFileType = sourcecode.c.h; path = CDVChatCenter.h; sourceTree = "<group>"; };
		5E31DCAD1E5AA37500CA2CE8 /* CDVChatCenter.m */ = {isa = PBXFileReference; fileEncoding = 4; lastKnownFileType = sourcecode.c.objc; path = CDVChatCenter.m; sourceTree = "<group>"; };
		5E31DCB21E5AA8D500CA2CE8 /* libChatCenterSDK.a */ = {isa = PBXFileReference; lastKnownFileType = archive.ar; name = libChatCenterSDK.a; path = "../../../../../../../Library/Developer/Xcode/DerivedData/Example-bgismhwlopelnnekrllijdwtzqbz/Build/Products/Debug-iphonesimulator/ChatCenterSDK/libChatCenterSDK.a"; sourceTree = "<group>"; };
		5E31DCB51E5AA9D500CA2CE8 /* UIKit.framework */ = {isa = PBXFileReference; lastKnownFileType = wrapper.framework; name = UIKit.framework; path = System/Library/Frameworks/UIKit.framework; sourceTree = SDKROOT; };
		5E31DCB71E5AA9DB00CA2CE8 /* CoreGraphics.framework */ = {isa = PBXFileReference; lastKnownFileType = wrapper.framework; name = CoreGraphics.framework; path = System/Library/Frameworks/CoreGraphics.framework; sourceTree = SDKROOT; };
		5E31DCB91E5AA9E600CA2CE8 /* QuartzCore.framework */ = {isa = PBXFileReference; lastKnownFileType = wrapper.framework; name = QuartzCore.framework; path = System/Library/Frameworks/QuartzCore.framework; sourceTree = SDKROOT; };
		5E31DCBB1E5AA9EB00CA2CE8 /* CFNetwork.framework */ = {isa = PBXFileReference; lastKnownFileType = wrapper.framework; name = CFNetwork.framework; path = System/Library/Frameworks/CFNetwork.framework; sourceTree = SDKROOT; };
		5E31DCBD1E5AA9F000CA2CE8 /* Security.framework */ = {isa = PBXFileReference; lastKnownFileType = wrapper.framework; name = Security.framework; path = System/Library/Frameworks/Security.framework; sourceTree = SDKROOT; };
		5E31DCBF1E5AA9F700CA2CE8 /* Foundation.framework */ = {isa = PBXFileReference; lastKnownFileType = wrapper.framework; name = Foundation.framework; path = System/Library/Frameworks/Foundation.framework; sourceTree = SDKROOT; };
		5E31DCC11E5AA9FC00CA2CE8 /* CoreData.framework */ = {isa = PBXFileReference; lastKnownFileType = wrapper.framework; name = CoreData.framework; path = System/Library/Frameworks/CoreData.framework; sourceTree = SDKROOT; };
		5E31DCC31E5AAA0200CA2CE8 /* SystemConfiguration.framework */ = {isa = PBXFileReference; lastKnownFileType = wrapper.framework; name = SystemConfiguration.framework; path = System/Library/Frameworks/SystemConfiguration.framework; sourceTree = SDKROOT; };
		5E31DCC51E5AAA0A00CA2CE8 /* MobileCoreServices.framework */ = {isa = PBXFileReference; lastKnownFileType = wrapper.framework; name = MobileCoreServices.framework; path = System/Library/Frameworks/MobileCoreServices.framework; sourceTree = SDKROOT; };
		5E31DCC71E5AAA2600CA2CE8 /* libicucore.A.tbd */ = {isa = PBXFileReference; lastKnownFileType = "sourcecode.text-based-dylib-definition"; name = libicucore.A.tbd; path = usr/lib/libicucore.A.tbd; sourceTree = SDKROOT; };
		5E31DCC81E5AAA2600CA2CE8 /* libicucore.tbd */ = {isa = PBXFileReference; lastKnownFileType = "sourcecode.text-based-dylib-definition"; name = libicucore.tbd; path = usr/lib/libicucore.tbd; sourceTree = SDKROOT; };
		5E31DCCB1E5AAA2F00CA2CE8 /* MapKit.framework */ = {isa = PBXFileReference; lastKnownFileType = wrapper.framework; name = MapKit.framework; path = System/Library/Frameworks/MapKit.framework; sourceTree = SDKROOT; };
		5E31DCCD1E5AAA3500CA2CE8 /* AssetsLibrary.framework */ = {isa = PBXFileReference; lastKnownFileType = wrapper.framework; name = AssetsLibrary.framework; path = System/Library/Frameworks/AssetsLibrary.framework; sourceTree = SDKROOT; };
		5E31DCCF1E5AAA3A00CA2CE8 /* SafariServices.framework */ = {isa = PBXFileReference; lastKnownFileType = wrapper.framework; name = SafariServices.framework; path = System/Library/Frameworks/SafariServices.framework; sourceTree = SDKROOT; };
		5E31E4F11E5AB00D00CA2CE8 /* OpenTok.framework */ = {isa = PBXFileReference; lastKnownFileType = wrapper.framework; name = OpenTok.framework; path = Pods/OpenTok/OpenTok.framework; sourceTree = "<group>"; };
		5E3271E51E63D33700A729CB /* Fabric.framework */ = {isa = PBXFileReference; lastKnownFileType = wrapper.framework; path = Fabric.framework; sourceTree = "<group>"; };
		5E3271E61E63D33700A729CB /* Crashlytics.framework */ = {isa = PBXFileReference; lastKnownFileType = wrapper.framework; path = Crashlytics.framework; sourceTree = "<group>"; };
		6AFF5BF81D6E424B00AB3073 /* CDVLaunchScreen.storyboard */ = {isa = PBXFileReference; fileEncoding = 4; lastKnownFileType = file.storyboard; name = CDVLaunchScreen.storyboard; path = Example/CDVLaunchScreen.storyboard; sourceTree = SOURCE_ROOT; };
		7FADCE5C154F9B201DBD91D8 /* Pods-Example.debug.xcconfig */ = {isa = PBXFileReference; includeInIndex = 1; lastKnownFileType = text.xcconfig; name = "Pods-Example.debug.xcconfig"; path = "Pods/Target Support Files/Pods-Example/Pods-Example.debug.xcconfig"; sourceTree = "<group>"; };
		8D1107310486CEB800E47090 /* Example-Info.plist */ = {isa = PBXFileReference; fileEncoding = 4; lastKnownFileType = text.plist.xml; name = "Example-Info.plist"; path = "Example/Example-Info.plist"; plistStructureDefinitionIdentifier = "com.apple.xcode.plist.structure-definition.iphone.info-plist"; sourceTree = SOURCE_ROOT; };
		996D72A0A43BBE592B3C49BA /* libPods-Example.a */ = {isa = PBXFileReference; explicitFileType = archive.ar; includeInIndex = 0; path = "libPods-Example.a"; sourceTree = BUILT_PRODUCTS_DIR; };
		CFE5DAF2C8374F3ABD89DAE7 /* AudioToolbox.framework */ = {isa = PBXFileReference; explicitFileType = undefined; fileEncoding = 9; includeInIndex = 0; lastKnownFileType = wrapper.framework; name = AudioToolbox.framework; path = System/Library/Frameworks/AudioToolbox.framework; sourceTree = SDKROOT; };
		EB87FDF31871DA8E0020F90C /* www */ = {isa = PBXFileReference; lastKnownFileType = folder; name = www; path = ../../www; sourceTree = "<group>"; };
		EB87FDF41871DAF40020F90C /* config.xml */ = {isa = PBXFileReference; lastKnownFileType = text.xml; name = config.xml; path = ../../config.xml; sourceTree = "<group>"; };
		ED33DF2A687741AEAF9F8254 /* Bridging-Header.h */ = {isa = PBXFileReference; fileEncoding = 4; lastKnownFileType = sourcecode.c.h; path = "Bridging-Header.h"; sourceTree = "<group>"; };
		F840E1F0165FE0F500CFE078 /* config.xml */ = {isa = PBXFileReference; lastKnownFileType = text.xml; name = config.xml; path = Example/config.xml; sourceTree = "<group>"; };
/* End PBXFileReference section */

/* Begin PBXFrameworksBuildPhase section */
		1D60588F0D05DD3D006BFB54 /* Frameworks */ = {
			isa = PBXFrameworksBuildPhase;
			buildActionMask = 2147483647;
			files = (
				5E31DCD01E5AAA3A00CA2CE8 /* SafariServices.framework in Frameworks */,
				5E31DCCE1E5AAA3500CA2CE8 /* AssetsLibrary.framework in Frameworks */,
				5E3271E81E63D33700A729CB /* Crashlytics.framework in Frameworks */,
				5E31DCCC1E5AAA2F00CA2CE8 /* MapKit.framework in Frameworks */,
				5E31DCC91E5AAA2600CA2CE8 /* libicucore.A.tbd in Frameworks */,
				5E31DCCA1E5AAA2600CA2CE8 /* libicucore.tbd in Frameworks */,
				5E3271E71E63D33700A729CB /* Fabric.framework in Frameworks */,
				5E31DCC61E5AAA0A00CA2CE8 /* MobileCoreServices.framework in Frameworks */,
				5E31DCC41E5AAA0200CA2CE8 /* SystemConfiguration.framework in Frameworks */,
				5E31DCC21E5AA9FC00CA2CE8 /* CoreData.framework in Frameworks */,
				5E31DCC01E5AA9F700CA2CE8 /* Foundation.framework in Frameworks */,
				5E31DCBE1E5AA9F000CA2CE8 /* Security.framework in Frameworks */,
				5E31DCBC1E5AA9EB00CA2CE8 /* CFNetwork.framework in Frameworks */,
				5E31DCBA1E5AA9E600CA2CE8 /* QuartzCore.framework in Frameworks */,
				62D799299C624584BD05E57F /* AudioToolbox.framework in Frameworks */,
				5E31DCB81E5AA9DB00CA2CE8 /* CoreGraphics.framework in Frameworks */,
				5E31DCB61E5AA9D500CA2CE8 /* UIKit.framework in Frameworks */,
				301BF552109A68D80062928A /* libCordova.a in Frameworks */,
				65F92A1BF6EFA91601936177 /* libPods-Example.a in Frameworks */,
			);
			runOnlyForDeploymentPostprocessing = 0;
		};
/* End PBXFrameworksBuildPhase section */

/* Begin PBXGroup section */
		080E96DDFE201D6D7F000001 /* Classes */ = {
			isa = PBXGroup;
			children = (
				5E31DCAB1E5AA34E00CA2CE8 /* CordovaPlugin */,
				5E0BD3271E5BD94100635415 /* ChatCenter.pch */,
				302D95EE14D2391D003F00A1 /* MainViewController.h */,
				302D95EF14D2391D003F00A1 /* MainViewController.m */,
				302D95F014D2391D003F00A1 /* MainViewController.xib */,
				1D3623240D0F684500981E51 /* AppDelegate.h */,
				1D3623250D0F684500981E51 /* AppDelegate.m */,
			);
			name = Classes;
			path = Example/Classes;
			sourceTree = SOURCE_ROOT;
		};
		19C28FACFE9D520D11CA2CBB /* Products */ = {
			isa = PBXGroup;
			children = (
				1D6058910D05DD3D006BFB54 /* Example.app */,
			);
			name = Products;
			sourceTree = "<group>";
		};
		29B97314FDCFA39411CA2CEA /* CustomTemplate */ = {
			isa = PBXGroup;
			children = (
				EB87FDF41871DAF40020F90C /* config.xml */,
				EB87FDF31871DA8E0020F90C /* www */,
				EB87FDF11871DA420020F90C /* Staging */,
				301BF52D109A57CC0062928A /* CordovaLib.xcodeproj */,
				080E96DDFE201D6D7F000001 /* Classes */,
				307C750510C5A3420062BCA9 /* Plugins */,
				29B97315FDCFA39411CA2CEA /* Other Sources */,
				29B97317FDCFA39411CA2CEA /* Resources */,
				29B97323FDCFA39411CA2CEA /* Frameworks */,
				19C28FACFE9D520D11CA2CBB /* Products */,
				91BA9A3BFF5764240C3314F3 /* Pods */,
			);
			name = CustomTemplate;
			sourceTree = "<group>";
		};
		29B97315FDCFA39411CA2CEA /* Other Sources */ = {
			isa = PBXGroup;
			children = (
				29B97316FDCFA39411CA2CEA /* main.m */,
				ED33DF2A687741AEAF9F8254 /* Bridging-Header.h */,
			);
			name = "Other Sources";
			path = Example;
			sourceTree = "<group>";
		};
		29B97317FDCFA39411CA2CEA /* Resources */ = {
			isa = PBXGroup;
			children = (
				0207DA571B56EA530066E2B4 /* Images.xcassets */,
				3047A50E1AB8057F00498E2A /* config */,
				8D1107310486CEB800E47090 /* Example-Info.plist */,
				6AFF5BF81D6E424B00AB3073 /* CDVLaunchScreen.storyboard */,
				246779EB00B6446E9616C001 /* CDVNotification.bundle */,
			);
			name = Resources;
			path = Example/Resources;
			sourceTree = "<group>";
		};
		29B97323FDCFA39411CA2CEA /* Frameworks */ = {
			isa = PBXGroup;
			children = (
				5E3271E51E63D33700A729CB /* Fabric.framework */,
				5E3271E61E63D33700A729CB /* Crashlytics.framework */,
				5E31E4F11E5AB00D00CA2CE8 /* OpenTok.framework */,
				5E31DCCF1E5AAA3A00CA2CE8 /* SafariServices.framework */,
				5E31DCCD1E5AAA3500CA2CE8 /* AssetsLibrary.framework */,
				5E31DCCB1E5AAA2F00CA2CE8 /* MapKit.framework */,
				5E31DCC71E5AAA2600CA2CE8 /* libicucore.A.tbd */,
				5E31DCC81E5AAA2600CA2CE8 /* libicucore.tbd */,
				5E31DCC51E5AAA0A00CA2CE8 /* MobileCoreServices.framework */,
				5E31DCC31E5AAA0200CA2CE8 /* SystemConfiguration.framework */,
				5E31DCC11E5AA9FC00CA2CE8 /* CoreData.framework */,
				5E31DCBF1E5AA9F700CA2CE8 /* Foundation.framework */,
				5E31DCBD1E5AA9F000CA2CE8 /* Security.framework */,
				5E31DCBB1E5AA9EB00CA2CE8 /* CFNetwork.framework */,
				5E31DCB91E5AA9E600CA2CE8 /* QuartzCore.framework */,
				5E31DCB71E5AA9DB00CA2CE8 /* CoreGraphics.framework */,
				5E31DCB51E5AA9D500CA2CE8 /* UIKit.framework */,
				5E31DCB21E5AA8D500CA2CE8 /* libChatCenterSDK.a */,
				CFE5DAF2C8374F3ABD89DAE7 /* AudioToolbox.framework */,
				996D72A0A43BBE592B3C49BA /* libPods-Example.a */,
			);
			name = Frameworks;
			sourceTree = "<group>";
		};
		301BF52E109A57CC0062928A /* Products */ = {
			isa = PBXGroup;
			children = (
				301BF535109A57CC0062928A /* libCordova.a */,
			);
			name = Products;
			sourceTree = "<group>";
		};
		3047A50E1AB8057F00498E2A /* config */ = {
			isa = PBXGroup;
			children = (
				3047A50F1AB8059700498E2A /* build-debug.xcconfig */,
				3047A5101AB8059700498E2A /* build-release.xcconfig */,
				3047A5111AB8059700498E2A /* build.xcconfig */,
			);
			name = config;
			sourceTree = "<group>";
		};
		307C750510C5A3420062BCA9 /* Plugins */ = {
			isa = PBXGroup;
			children = (
				4DFE6F44889548828EB12836 /* CDVNotification.m */,
				0C6D117E969648F5BB354AEA /* CDVNotification.h */,
			);
			name = Plugins;
			path = Example/Plugins;
			sourceTree = SOURCE_ROOT;
		};
		5E31DCAB1E5AA34E00CA2CE8 /* CordovaPlugin */ = {
			isa = PBXGroup;
			children = (
				5E31DCAC1E5AA37500CA2CE8 /* CDVChatCenter.h */,
				5E31DCAD1E5AA37500CA2CE8 /* CDVChatCenter.m */,
			);
			name = CordovaPlugin;
			sourceTree = "<group>";
		};
		91BA9A3BFF5764240C3314F3 /* Pods */ = {
			isa = PBXGroup;
			children = (
				7FADCE5C154F9B201DBD91D8 /* Pods-Example.debug.xcconfig */,
			);
			name = Pods;
			sourceTree = "<group>";
		};
		EB87FDF11871DA420020F90C /* Staging */ = {
			isa = PBXGroup;
			children = (
				F840E1F0165FE0F500CFE078 /* config.xml */,
				301BF56E109A69640062928A /* www */,
			);
			name = Staging;
			sourceTree = "<group>";
		};
/* End PBXGroup section */

/* Begin PBXNativeTarget section */
		1D6058900D05DD3D006BFB54 /* Example */ = {
			isa = PBXNativeTarget;
			buildConfigurationList = 1D6058960D05DD3E006BFB54 /* Build configuration list for PBXNativeTarget "Example" */;
			buildPhases = (
				E8933832837E3F57640170D6 /* [CP] Check Pods Manifest.lock */,
				304B58A110DAC018002A0835 /* Copy www directory */,
				1D60588D0D05DD3D006BFB54 /* Resources */,
				1D60588E0D05DD3D006BFB54 /* Sources */,
				1D60588F0D05DD3D006BFB54 /* Frameworks */,
				C85150E83DC234F461D90963 /* [CP] Embed Pods Frameworks */,
				9AFF413A3AF88C1CB17114D4 /* [CP] Copy Pods Resources */,
				5E3271E41E63D24500A729CB /* ShellScript */,
			);
			buildRules = (
			);
			dependencies = (
				5E30DAEB1E6314E800B15C1F /* PBXTargetDependency */,
			);
			name = Example;
			productName = Example;
			productReference = 1D6058910D05DD3D006BFB54 /* Example.app */;
			productType = "com.apple.product-type.application";
		};
/* End PBXNativeTarget section */

/* Begin PBXProject section */
		29B97313FDCFA39411CA2CEA /* Project object */ = {
			isa = PBXProject;
			attributes = {
				LastUpgradeCheck = 0820;
				TargetAttributes = {
					1D6058900D05DD3D006BFB54 = {
						DevelopmentTeam = S8MEXP46V6;
						ProvisioningStyle = Manual;
					};
				};
			};
			buildConfigurationList = C01FCF4E08A954540054247B /* Build configuration list for PBXProject "Example" */;
			compatibilityVersion = "Xcode 3.2";
			developmentRegion = English;
			hasScannedForEncodings = 1;
			knownRegions = (
				en,
				Base,
				ja,
			);
			mainGroup = 29B97314FDCFA39411CA2CEA /* CustomTemplate */;
			productRefGroup = 19C28FACFE9D520D11CA2CBB /* Products */;
			projectDirPath = "";
			projectReferences = (
				{
					ProductGroup = 301BF52E109A57CC0062928A /* Products */;
					ProjectRef = 301BF52D109A57CC0062928A /* CordovaLib.xcodeproj */;
				},
			);
			projectRoot = "";
			targets = (
				1D6058900D05DD3D006BFB54 /* Example */,
			);
		};
/* End PBXProject section */

/* Begin PBXReferenceProxy section */
		301BF535109A57CC0062928A /* libCordova.a */ = {
			isa = PBXReferenceProxy;
			fileType = archive.ar;
			path = libCordova.a;
			remoteRef = 301BF534109A57CC0062928A /* PBXContainerItemProxy */;
			sourceTree = BUILT_PRODUCTS_DIR;
		};
/* End PBXReferenceProxy section */

/* Begin PBXResourcesBuildPhase section */
		1D60588D0D05DD3D006BFB54 /* Resources */ = {
			isa = PBXResourcesBuildPhase;
			buildActionMask = 2147483647;
			files = (
				302D95F214D2391D003F00A1 /* MainViewController.xib in Resources */,
				0207DA581B56EA530066E2B4 /* Images.xcassets in Resources */,
				6AFF5BF91D6E424B00AB3073 /* CDVLaunchScreen.storyboard in Resources */,
				5EF19DC31E56F50400B2CD2B /* www in Resources */,
				5EF19DC21E56F50100B2CD2B /* config.xml in Resources */,
				7E8FEF2FF01A44CC8DCDA431 /* CDVNotification.bundle in Resources */,
			);
			runOnlyForDeploymentPostprocessing = 0;
		};
/* End PBXResourcesBuildPhase section */

/* Begin PBXShellScriptBuildPhase section */
		304B58A110DAC018002A0835 /* Copy www directory */ = {
			isa = PBXShellScriptBuildPhase;
			buildActionMask = 2147483647;
			files = (
			);
			inputPaths = (
			);
			name = "Copy www directory";
			outputPaths = (
			);
			runOnlyForDeploymentPostprocessing = 0;
			shellPath = /bin/sh;
			shellScript = "NODEJS_PATH=/usr/local/bin; NVM_NODE_PATH=~/.nvm/versions/node/`nvm version 2>/dev/null`/bin; N_NODE_PATH=`find /usr/local/n/versions/node/* -maxdepth 0 -type d 2>/dev/null | tail -1`/bin; XCODE_NODE_PATH=`xcode-select --print-path`/usr/share/xcs/Node/bin; PATH=$NODEJS_PATH:$NVM_NODE_PATH:$N_NODE_PATH:$XCODE_NODE_PATH:$PATH && node cordova/lib/copy-www-build-step.js";
			showEnvVarsInLog = 0;
		};
		5E3271E41E63D24500A729CB /* ShellScript */ = {
			isa = PBXShellScriptBuildPhase;
			buildActionMask = 2147483647;
			files = (
			);
			inputPaths = (
			);
			outputPaths = (
			);
			runOnlyForDeploymentPostprocessing = 0;
			shellPath = /bin/sh;
			shellScript = "./Fabric.framework/run ddefb99273770e06d2ddadf9a66ec42c0de3ccf8 6a2a85f8f3e0347538eac9f0e6de84fdd840068a7801a24670ae8e58e7e1c263";
		};
		9AFF413A3AF88C1CB17114D4 /* [CP] Copy Pods Resources */ = {
			isa = PBXShellScriptBuildPhase;
			buildActionMask = 2147483647;
			files = (
			);
			inputPaths = (
			);
			name = "[CP] Copy Pods Resources";
			outputPaths = (
			);
			runOnlyForDeploymentPostprocessing = 0;
			shellPath = /bin/sh;
			shellScript = "\"${SRCROOT}/Pods/Target Support Files/Pods-Example/Pods-Example-resources.sh\"\n";
			showEnvVarsInLog = 0;
		};
		C85150E83DC234F461D90963 /* [CP] Embed Pods Frameworks */ = {
			isa = PBXShellScriptBuildPhase;
			buildActionMask = 2147483647;
			files = (
			);
			inputPaths = (
			);
			name = "[CP] Embed Pods Frameworks";
			outputPaths = (
			);
			runOnlyForDeploymentPostprocessing = 0;
			shellPath = /bin/sh;
			shellScript = "\"${SRCROOT}/Pods/Target Support Files/Pods-Example/Pods-Example-frameworks.sh\"\n";
			showEnvVarsInLog = 0;
		};
		E8933832837E3F57640170D6 /* [CP] Check Pods Manifest.lock */ = {
			isa = PBXShellScriptBuildPhase;
			buildActionMask = 2147483647;
			files = (
			);
			inputPaths = (
			);
			name = "[CP] Check Pods Manifest.lock";
			outputPaths = (
			);
			runOnlyForDeploymentPostprocessing = 0;
			shellPath = /bin/sh;
			shellScript = "diff \"${PODS_ROOT}/../Podfile.lock\" \"${PODS_ROOT}/Manifest.lock\" > /dev/null\nif [ $? != 0 ] ; then\n    # print error to STDERR\n    echo \"error: The sandbox is not in sync with the Podfile.lock. Run 'pod install' or update your CocoaPods installation.\" >&2\n    exit 1\nfi\n";
			showEnvVarsInLog = 0;
		};
/* End PBXShellScriptBuildPhase section */

/* Begin PBXSourcesBuildPhase section */
		1D60588E0D05DD3D006BFB54 /* Sources */ = {
			isa = PBXSourcesBuildPhase;
			buildActionMask = 2147483647;
			files = (
				1D60589B0D05DD56006BFB54 /* main.m in Sources */,
				1D3623260D0F684500981E51 /* AppDelegate.m in Sources */,
				5E31DCAE1E5AA37500CA2CE8 /* CDVChatCenter.m in Sources */,
				302D95F114D2391D003F00A1 /* MainViewController.m in Sources */,
				682D479161BB43CD9FF09266 /* CDVNotification.m in Sources */,
			);
			runOnlyForDeploymentPostprocessing = 0;
		};
/* End PBXSourcesBuildPhase section */

/* Begin PBXTargetDependency section */
		5E30DAEB1E6314E800B15C1F /* PBXTargetDependency */ = {
			isa = PBXTargetDependency;
			name = CordovaLib;
			targetProxy = 5E30DAEA1E6314E800B15C1F /* PBXContainerItemProxy */;
		};
/* End PBXTargetDependency section */

/* Begin XCBuildConfiguration section */
		1D6058940D05DD3E006BFB54 /* Debug */ = {
			isa = XCBuildConfiguration;
			baseConfigurationReference = 7FADCE5C154F9B201DBD91D8 /* Pods-Example.debug.xcconfig */;
			buildSettings = {
				ALWAYS_SEARCH_USER_PATHS = NO;
				ASSETCATALOG_COMPILER_APPICON_NAME = AppIcon;
				CLANG_CXX_LANGUAGE_STANDARD = "gnu++0x";
				CLANG_CXX_LIBRARY = "libc++";
				CLANG_ENABLE_MODULES = NO;
				CLANG_ENABLE_OBJC_ARC = YES;
				"CODE_SIGN_IDENTITY[sdk=iphoneos*]" = "iPhone Distribution";
				COPY_PHASE_STRIP = NO;
				DEVELOPMENT_TEAM = S8MEXP46V6;
				ENABLE_BITCODE = NO;
				FRAMEWORK_SEARCH_PATHS = (
					"$(inherited)",
					"$(PROJECT_DIR)/Pods/OpenTok",
					"\"${PODS_ROOT}\"/GoogleMaps",
					"\"${PODS_ROOT}\"/GooglePlaces",
					"\"${PODS_ROOT}\"/GooglePlacePicker",
					"${PODS_ROOT}/OpenTok",
					"\"${PODS_ROOT}/GoogleMaps/Base/Frameworks\"",
					"\"${PODS_ROOT}/GoogleMaps/Maps/Frameworks\"",
					"\"${PODS_ROOT}/GooglePlacePicker/Frameworks\"",
					"\"${PODS_ROOT}/GooglePlaces/Frameworks\"",
					"$(PROJECT_DIR)",
				);
				GCC_C_LANGUAGE_STANDARD = gnu99;
				GCC_DYNAMIC_NO_PIC = NO;
				GCC_OPTIMIZATION_LEVEL = 0;
				GCC_PRECOMPILE_PREFIX_HEADER = NO;
				GCC_PREFIX_HEADER = "";
				GCC_PREPROCESSOR_DEFINITIONS = (
					"$(inherited)",
					"CC_DEBUG=1",
					"COCOAPODS=1",
					"CC_VIDEO=1",
					"API_BASE_URL=\\@\\\"https://api.staging.chatcenter.io/\\\"",
					"WEBSOCKET_BASE_URL=\\@\\\"wss://api.staging.chatcenter.io/\\\"",
					"WEB_DASHBOARD_URL=\\@\\\"https://app.staging.chatcenter.io\\\"",
				);
				GCC_THUMB_SUPPORT = NO;
				GCC_VERSION = "";
				HEADER_SEARCH_PATHS = (
					"$(OBJROOT)/UninstalledProducts/$(PLATFORM_NAME)/include",
					"\"${PODS_ROOT}/Headers/Public\"",
					"\"${PODS_ROOT}/Headers/Public/ChatCenterSDK\"",
					"\"${PODS_ROOT}/Headers/Public/GoogleMaps\"",
					"\"${PODS_ROOT}/Headers/Public/GooglePlacePicker\"",
					"\"${PODS_ROOT}/Headers/Public/GooglePlaces\"",
					"\"${PODS_ROOT}/Headers/Public/OpenTok\"",
				);
				INFOPLIST_FILE = "Example/Example-Info.plist";
				IPHONEOS_DEPLOYMENT_TARGET = 8.1;
				LD_RUNPATH_SEARCH_PATHS = "@executable_path/Frameworks";
				OTHER_CFLAGS = (
					"$(inherited)",
					"-isystem",
					"\"${PODS_ROOT}/Headers/Public\"",
					"-isystem",
					"\"${PODS_ROOT}/Headers/Public/ChatCenterSDK\"",
					"-isystem",
					"\"${PODS_ROOT}/Headers/Public/GoogleMaps\"",
					"-isystem",
					"\"${PODS_ROOT}/Headers/Public/GooglePlacePicker\"",
					"-isystem",
					"\"${PODS_ROOT}/Headers/Public/GooglePlaces\"",
					"-isystem",
					"\"${PODS_ROOT}/Headers/Public/OpenTok\"",
				);
				OTHER_LDFLAGS = (
					"$(inherited)",
					"-ObjC",
					"-l\"ChatCenterSDK\"",
					"-l\"c++\"",
					"-l\"icucore\"",
					"-l\"z\"",
					"-framework",
					"\"AVFoundation\"",
					"-framework",
					"\"Accelerate\"",
					"-framework",
					"\"AssetsLibrary\"",
					"-framework",
					"\"AudioToolbox\"",
					"-framework",
					"\"CFNetwork\"",
					"-framework",
					"\"CoreData\"",
					"-framework",
					"\"CoreFoundation\"",
					"-framework",
					"\"CoreGraphics\"",
					"-framework",
					"\"CoreLocation\"",
					"-framework",
					"\"CoreMedia\"",
					"-framework",
					"\"CoreTelephony\"",
					"-framework",
					"\"CoreText\"",
					"-framework",
					"\"CoreVideo\"",
					"-framework",
					"\"Foundation\"",
					"-framework",
					"\"GLKit\"",
					"-framework",
					"\"GoogleMaps\"",
					"-framework",
					"\"GoogleMapsBase\"",
					"-framework",
					"\"GoogleMapsCore\"",
					"-framework",
					"\"GooglePlacePicker\"",
					"-framework",
					"\"GooglePlaces\"",
					"-framework",
					"\"ImageIO\"",
					"-framework",
					"\"MapKit\"",
					"-framework",
					"\"MessageUI\"",
					"-framework",
					"\"MobileCoreServices\"",
					"-framework",
					"\"OpenGLES\"",
					"-framework",
					"\"OpenTok\"",
					"-framework",
					"\"QuartzCore\"",
					"-framework",
					"\"SafariServices\"",
					"-framework",
					"\"Security\"",
					"-framework",
					"\"Social\"",
					"-framework",
					"\"SystemConfiguration\"",
					"-framework",
					"\"UIKit\"",
					"-framework",
					"\"VideoToolbox\"",
					"-weak_framework",
					"\"UserNotifications\"",
					"-weak_framework",
					"\"UserNotificationsUI\"",
				);
				PRODUCT_BUNDLE_IDENTIFIER = ly.appsocial.Example;
				PRODUCT_NAME = Example;
				PROVISIONING_PROFILE = "7022c251-91bd-443b-90c7-01ee63fdb7e0";
				PROVISIONING_PROFILE_SPECIFIER = 20170223ly.appsocial.Example;
				SWIFT_OBJC_BRIDGING_HEADER = "$(PROJECT_DIR)/$(PROJECT_NAME)/Bridging-Header.h";
				TARGETED_DEVICE_FAMILY = "1,2";
			};
			name = Debug;
		};
		1D6058950D05DD3E006BFB54 /* Release */ = {
			isa = XCBuildConfiguration;
			baseConfigurationReference = 3047A5101AB8059700498E2A /* build-release.xcconfig */;
			buildSettings = {
				ALWAYS_SEARCH_USER_PATHS = NO;
				ASSETCATALOG_COMPILER_APPICON_NAME = AppIcon;
				CLANG_CXX_LANGUAGE_STANDARD = "gnu++0x";
				CLANG_CXX_LIBRARY = "libc++";
				CLANG_ENABLE_MODULES = NO;
				CLANG_ENABLE_OBJC_ARC = YES;
				"CODE_SIGN_IDENTITY[sdk=iphoneos*]" = "iPhone Distribution";
				COPY_PHASE_STRIP = NO;
				DEVELOPMENT_TEAM = S8MEXP46V6;
				FRAMEWORK_SEARCH_PATHS = (
					"$(inherited)",
					"$(PROJECT_DIR)/Pods/OpenTok",
					"\"${PODS_ROOT}\"/GoogleMaps",
					"\"${PODS_ROOT}\"/GooglePlaces",
					"\"${PODS_ROOT}\"/GooglePlacePicker",
					"${PODS_ROOT}/OpenTok",
					"\"${PODS_ROOT}/GoogleMaps/Base/Frameworks\"",
					"\"${PODS_ROOT}/GoogleMaps/Maps/Frameworks\"",
					"\"${PODS_ROOT}/GooglePlacePicker/Frameworks\"",
					"\"${PODS_ROOT}/GooglePlaces/Frameworks\"",
					"$(PROJECT_DIR)",
				);
				GCC_C_LANGUAGE_STANDARD = gnu99;
				GCC_PRECOMPILE_PREFIX_HEADER = NO;
				GCC_PREFIX_HEADER = "";
				GCC_PREPROCESSOR_DEFINITIONS = (
					"CC_VIDEO=1",
					"API_BASE_URL=\\@\\\"https://api.staging.chatcenter.io/\\\"",
					"WEBSOCKET_BASE_URL=\\@\\\"wss://api.staging.chatcenter.io/\\\"",
					"WEB_DASHBOARD_URL=\\@\\\"https://app.staging.chatcenter.io\\\"",
				);
				GCC_THUMB_SUPPORT = NO;
				GCC_VERSION = "";
				HEADER_SEARCH_PATHS = (
					"$(OBJROOT)/UninstalledProducts/$(PLATFORM_NAME)/include",
					"\"${PODS_ROOT}/Headers/Public\"",
					"\"${PODS_ROOT}/Headers/Public/ChatCenterSDK\"",
					"\"${PODS_ROOT}/Headers/Public/GoogleMaps\"",
					"\"${PODS_ROOT}/Headers/Public/GooglePlacePicker\"",
					"\"${PODS_ROOT}/Headers/Public/GooglePlaces\"",
					"\"${PODS_ROOT}/Headers/Public/OpenTok\"",
				);
				INFOPLIST_FILE = "Example/Example-Info.plist";
				IPHONEOS_DEPLOYMENT_TARGET = 8.1;
				LD_RUNPATH_SEARCH_PATHS = "@executable_path/Frameworks";
				LIBRARY_SEARCH_PATHS = (
					"$(inherited)",
					"\"$PODS_CONFIGURATION_BUILD_DIR/ChatCenterSDK\"",
				);
				OTHER_CFLAGS = (
					"$(inherited)",
					"-isystem",
					"\"${PODS_ROOT}/Headers/Public\"",
					"-isystem",
					"\"${PODS_ROOT}/Headers/Public/ChatCenterSDK\"",
					"-isystem",
					"\"${PODS_ROOT}/Headers/Public/GoogleMaps\"",
					"-isystem",
					"\"${PODS_ROOT}/Headers/Public/GooglePlacePicker\"",
					"-isystem",
					"\"${PODS_ROOT}/Headers/Public/GooglePlaces\"",
					"-isystem",
					"\"${PODS_ROOT}/Headers/Public/OpenTok\"",
				);
				OTHER_LDFLAGS = (
					"$(inherited)",
					"-ObjC",
					"-l\"ChatCenterSDK\"",
					"-l\"c++\"",
					"-l\"icucore\"",
					"-l\"z\"",
					"-framework",
					"\"AVFoundation\"",
					"-framework",
					"\"Accelerate\"",
					"-framework",
					"\"AssetsLibrary\"",
					"-framework",
					"\"AudioToolbox\"",
					"-framework",
					"\"CFNetwork\"",
					"-framework",
					"\"CoreData\"",
					"-framework",
					"\"CoreFoundation\"",
					"-framework",
					"\"CoreGraphics\"",
					"-framework",
					"\"CoreLocation\"",
					"-framework",
					"\"CoreMedia\"",
					"-framework",
					"\"CoreTelephony\"",
					"-framework",
					"\"CoreText\"",
					"-framework",
					"\"CoreVideo\"",
					"-framework",
					"\"Foundation\"",
					"-framework",
					"\"GLKit\"",
					"-framework",
					"\"GoogleMaps\"",
					"-framework",
					"\"GoogleMapsBase\"",
					"-framework",
					"\"GoogleMapsCore\"",
					"-framework",
					"\"GooglePlacePicker\"",
					"-framework",
					"\"GooglePlaces\"",
					"-framework",
					"\"ImageIO\"",
					"-framework",
					"\"MapKit\"",
					"-framework",
					"\"MessageUI\"",
					"-framework",
					"\"MobileCoreServices\"",
					"-framework",
					"\"OpenGLES\"",
					"-framework",
					"\"OpenTok\"",
					"-framework",
					"\"QuartzCore\"",
					"-framework",
					"\"SafariServices\"",
					"-framework",
					"\"Security\"",
					"-framework",
					"\"Social\"",
					"-framework",
					"\"SystemConfiguration\"",
					"-framework",
					"\"UIKit\"",
					"-framework",
					"\"VideoToolbox\"",
					"-weak_framework",
					"\"UserNotifications\"",
					"-weak_framework",
					"\"UserNotificationsUI\"",
				);
				PODS_BUILD_DIR = $BUILD_DIR;
				PODS_CONFIGURATION_BUILD_DIR = "$PODS_BUILD_DIR/$(CONFIGURATION)$(EFFECTIVE_PLATFORM_NAME)";
				PODS_ROOT = "${SRCROOT}/Pods";
				PRODUCT_BUNDLE_IDENTIFIER = ly.appsocial.Example;
				PRODUCT_NAME = Example;
				PROVISIONING_PROFILE = "7022c251-91bd-443b-90c7-01ee63fdb7e0";
				PROVISIONING_PROFILE_SPECIFIER = 20170223ly.appsocial.Example;
				SWIFT_OBJC_BRIDGING_HEADER = "$(PROJECT_DIR)/$(PROJECT_NAME)/Bridging-Header.h";
				TARGETED_DEVICE_FAMILY = "1,2";
				VALIDATE_PRODUCT = YES;
			};
			name = Release;
		};
		C01FCF4F08A954540054247B /* Debug */ = {
			isa = XCBuildConfiguration;
			buildSettings = {
				CLANG_ANALYZER_LOCALIZABILITY_NONLOCALIZED = YES;
				CLANG_ENABLE_MODULES = YES;
				CLANG_ENABLE_OBJC_ARC = YES;
				CLANG_WARN_BOOL_CONVERSION = YES;
				CLANG_WARN_CONSTANT_CONVERSION = YES;
				CLANG_WARN_EMPTY_BODY = YES;
				CLANG_WARN_ENUM_CONVERSION = YES;
				CLANG_WARN_INFINITE_RECURSION = YES;
				CLANG_WARN_INT_CONVERSION = YES;
				CLANG_WARN_SUSPICIOUS_MOVE = YES;
				CLANG_WARN_UNREACHABLE_CODE = YES;
				CLANG_WARN__DUPLICATE_METHOD_MATCH = YES;
				ENABLE_STRICT_OBJC_MSGSEND = YES;
				ENABLE_TESTABILITY = YES;
				GCC_C_LANGUAGE_STANDARD = c99;
				GCC_NO_COMMON_BLOCKS = YES;
				GCC_THUMB_SUPPORT = NO;
				GCC_VERSION = "";
				GCC_WARN_64_TO_32_BIT_CONVERSION = YES;
				GCC_WARN_ABOUT_RETURN_TYPE = YES;
				GCC_WARN_UNDECLARED_SELECTOR = YES;
				GCC_WARN_UNINITIALIZED_AUTOS = YES;
				GCC_WARN_UNUSED_FUNCTION = YES;
				GCC_WARN_UNUSED_VARIABLE = YES;
				IPHONEOS_DEPLOYMENT_TARGET = 10.2;
				ONLY_ACTIVE_ARCH = YES;
				SDKROOT = iphoneos;
				SKIP_INSTALL = NO;
			};
			name = Debug;
		};
		C01FCF5008A954540054247B /* Release */ = {
			isa = XCBuildConfiguration;
			baseConfigurationReference = 3047A5111AB8059700498E2A /* build.xcconfig */;
			buildSettings = {
				CLANG_ANALYZER_LOCALIZABILITY_NONLOCALIZED = YES;
				CLANG_ENABLE_MODULES = YES;
				CLANG_ENABLE_OBJC_ARC = YES;
				CLANG_WARN_BOOL_CONVERSION = YES;
				CLANG_WARN_CONSTANT_CONVERSION = YES;
				CLANG_WARN_EMPTY_BODY = YES;
				CLANG_WARN_ENUM_CONVERSION = YES;
				CLANG_WARN_INFINITE_RECURSION = YES;
				CLANG_WARN_INT_CONVERSION = YES;
				CLANG_WARN_SUSPICIOUS_MOVE = YES;
				CLANG_WARN_UNREACHABLE_CODE = YES;
				CLANG_WARN__DUPLICATE_METHOD_MATCH = YES;
				ENABLE_STRICT_OBJC_MSGSEND = YES;
				GCC_C_LANGUAGE_STANDARD = c99;
				GCC_NO_COMMON_BLOCKS = YES;
				GCC_THUMB_SUPPORT = NO;
				GCC_VERSION = "";
				GCC_WARN_64_TO_32_BIT_CONVERSION = YES;
				GCC_WARN_ABOUT_RETURN_TYPE = YES;
				GCC_WARN_UNDECLARED_SELECTOR = YES;
				GCC_WARN_UNINITIALIZED_AUTOS = YES;
				GCC_WARN_UNUSED_FUNCTION = YES;
				GCC_WARN_UNUSED_VARIABLE = YES;
				IPHONEOS_DEPLOYMENT_TARGET = 10.2;
				SDKROOT = iphoneos;
				SKIP_INSTALL = NO;
			};
			name = Release;
		};
/* End XCBuildConfiguration section */

/* Begin XCConfigurationList section */
		1D6058960D05DD3E006BFB54 /* Build configuration list for PBXNativeTarget "Example" */ = {
			isa = XCConfigurationList;
			buildConfigurations = (
				1D6058940D05DD3E006BFB54 /* Debug */,
				1D6058950D05DD3E006BFB54 /* Release */,
			);
			defaultConfigurationIsVisible = 0;
			defaultConfigurationName = Release;
		};
		C01FCF4E08A954540054247B /* Build configuration list for PBXProject "Example" */ = {
			isa = XCConfigurationList;
			buildConfigurations = (
				C01FCF4F08A954540054247B /* Debug */,
				C01FCF5008A954540054247B /* Release */,
			);
			defaultConfigurationIsVisible = 0;
			defaultConfigurationName = Release;
		};
/* End XCConfigurationList section */
	};
	rootObject = 29B97313FDCFA39411CA2CEA /* Project object */;
}
